
Microsoft Visual Studio Solution File, Format Version 12.00
# Visual Studio 15
VisualStudioVersion = 15.0.28307.438
MinimumVisualStudioVersion = 10.0.40219.1
Project("{FAE04EC0-301F-11D3-BF4B-00C04F79EFBC}") = "Moq.Library", "Moq.Library\Moq.Library.csproj", "{2F7605A1-52E1-4D9C-949A-250D586F6DBC}"
EndProject
Project("{FAE04EC0-301F-11D3-BF4B-00C04F79EFBC}") = "Moq.Test", "Moq.Test\Moq.Test.csproj", "{5B2B683C-BA49-4A3F-88DA-2EBF3F42BA06}"
EndProject
Global
	GlobalSection(SolutionConfigurationPlatforms) = preSolution
		Debug|Any CPU = Debug|Any CPU
		Release|Any CPU = Release|Any CPU
	EndGlobalSection
	GlobalSection(ProjectConfigurationPlatforms) = postSolution
		{2F7605A1-52E1-4D9C-949A-250D586F6DBC}.Debug|Any CPU.ActiveCfg = Debug|Any CPU
		{2F7605A1-52E1-4D9C-949A-250D586F6DBC}.Debug|Any CPU.Build.0 = Debug|Any CPU
		{2F7605A1-52E1-4D9C-949A-250D586F6DBC}.Release|Any CPU.ActiveCfg = Release|Any CPU
		{2F7605A1-52E1-4D9C-949A-250D586F6DBC}.Release|Any CPU.Build.0 = Release|Any CPU
		{5B2B683C-BA49-4A3F-88DA-2EBF3F42BA06}.Debug|Any CPU.ActiveCfg = Debug|Any CPU
		{5B2B683C-BA49-4A3F-88DA-2EBF3F42BA06}.Debug|Any CPU.Build.0 = Debug|Any CPU
		{5B2B683C-BA49-4A3F-88DA-2EBF3F42BA06}.Release|Any CPU.ActiveCfg = Release|Any CPU
		{5B2B683C-BA49-4A3F-88DA-2EBF3F42BA06}.Release|Any CPU.Build.0 = Release|Any CPU
	EndGlobalSection
	GlobalSection(SolutionProperties) = preSolution
		HideSolutionNode = FALSE
	EndGlobalSection
	GlobalSection(ExtensibilityGlobals) = postSolution
		SolutionGuid = {6D51ACD0-E4E7-42F0-BA23-5512C8673387}
	EndGlobalSection
EndGlobal
